
Microsoft Visual Studio Solution File, Format Version 12.00
# Visual Studio Version 17
VisualStudioVersion = 17.14.36623.8
MinimumVisualStudioVersion = 10.0.40219.1
Project("{FAE04EC0-301F-11D3-BF4B-00C04F79EFBC}") = "EquipmentAPI", "EquipmentAPI\EquipmentAPI.csproj", "{F9F48540-A747-423E-B0D8-4CBE94E027AB}"
EndProject
Project("{2150E333-8FDC-42A3-9474-1A3956D46DE8}") = "Solution Items", "Solution Items", "{8EC462FD-D22E-90A8-E5CE-7E832BA40C5D}"
	ProjectSection(SolutionItems) = preProject
		README.md = README.md
		.gitignore = .gitignore
	EndProjectSection
EndProject
Project("{FAE04EC0-301F-11D3-BF4B-00C04F79EFBC}") = "EquipmentDashboard", "..\EquipmentDashboard\EquipmentDashboard.csproj", "{F088CBCE-18C4-4866-9ABD-CD2B1FA86E01}"
EndProject
Global
	GlobalSection(SolutionConfigurationPlatforms) = preSolution
		Debug|Any CPU = Debug|Any CPU
		Release|Any CPU = Release|Any CPU
	EndGlobalSection
	GlobalSection(ProjectConfigurationPlatforms) = postSolution
		{F9F48540-A747-423E-B0D8-4CBE94E027AB}.Debug|Any CPU.ActiveCfg = Debug|Any CPU
		{F9F48540-A747-423E-B0D8-4CBE94E027AB}.Debug|Any CPU.Build.0 = Debug|Any CPU
		{F9F48540-A747-423E-B0D8-4CBE94E027AB}.Release|Any CPU.ActiveCfg = Release|Any CPU
		{F9F48540-A747-423E-B0D8-4CBE94E027AB}.Release|Any CPU.Build.0 = Release|Any CPU
		{F088CBCE-18C4-4866-9ABD-CD2B1FA86E01}.Debug|Any CPU.ActiveCfg = Debug|Any CPU
		{F088CBCE-18C4-4866-9ABD-CD2B1FA86E01}.Debug|Any CPU.Build.0 = Debug|Any CPU
		{F088CBCE-18C4-4866-9ABD-CD2B1FA86E01}.Release|Any CPU.ActiveCfg = Release|Any CPU
		{F088CBCE-18C4-4866-9ABD-CD2B1FA86E01}.Release|Any CPU.Build.0 = Release|Any CPU
	EndGlobalSection
	GlobalSection(SolutionProperties) = preSolution
		HideSolutionNode = FALSE
	EndGlobalSection
	GlobalSection(ExtensibilityGlobals) = postSolution
		SolutionGuid = {44FC9182-FCA1-49C4-BEAC-AB6A8EDF5F7A}
	EndGlobalSection
EndGlobal
